
Microsoft Visual Studio Solution File, Format Version 12.00
# Visual Studio 2012
Project("{FAE04EC0-301F-11D3-BF4B-00C04F79EFBC}") = "MvcDemo", "MvcDemo\MvcDemo.csproj", "{AE599061-1B76-4A81-A377-E7589FFBC6FD}"
EndProject
Project("{FAE04EC0-301F-11D3-BF4B-00C04F79EFBC}") = "Domain", "Domain\Domain.csproj", "{AF40BC4C-34C6-4204-BB34-B2BE4AC51EF4}"
EndProject
Project("{FAE04EC0-301F-11D3-BF4B-00C04F79EFBC}") = "BLL", "BLL\BLL.csproj", "{37A01779-7A43-4584-8BE0-A19D8E33302F}"
EndProject
Project("{FAE04EC0-301F-11D3-BF4B-00C04F79EFBC}") = "DAL", "DAL\DAL.csproj", "{4298B4D1-5A3F-40B8-BA05-9995E587C90D}"
EndProject
Global
	GlobalSection(SolutionConfigurationPlatforms) = preSolution
		Debug|Any CPU = Debug|Any CPU
		Release|Any CPU = Release|Any CPU
	EndGlobalSection
	GlobalSection(ProjectConfigurationPlatforms) = postSolution
		{AE599061-1B76-4A81-A377-E7589FFBC6FD}.Debug|Any CPU.ActiveCfg = Debug|Any CPU
		{AE599061-1B76-4A81-A377-E7589FFBC6FD}.Debug|Any CPU.Build.0 = Debug|Any CPU
		{AE599061-1B76-4A81-A377-E7589FFBC6FD}.Release|Any CPU.ActiveCfg = Release|Any CPU
		{AE599061-1B76-4A81-A377-E7589FFBC6FD}.Release|Any CPU.Build.0 = Release|Any CPU
		{AF40BC4C-34C6-4204-BB34-B2BE4AC51EF4}.Debug|Any CPU.ActiveCfg = Debug|Any CPU
		{AF40BC4C-34C6-4204-BB34-B2BE4AC51EF4}.Debug|Any CPU.Build.0 = Debug|Any CPU
		{AF40BC4C-34C6-4204-BB34-B2BE4AC51EF4}.Release|Any CPU.ActiveCfg = Release|Any CPU
		{AF40BC4C-34C6-4204-BB34-B2BE4AC51EF4}.Release|Any CPU.Build.0 = Release|Any CPU
		{37A01779-7A43-4584-8BE0-A19D8E33302F}.Debug|Any CPU.ActiveCfg = Debug|Any CPU
		{37A01779-7A43-4584-8BE0-A19D8E33302F}.Debug|Any CPU.Build.0 = Debug|Any CPU
		{37A01779-7A43-4584-8BE0-A19D8E33302F}.Release|Any CPU.ActiveCfg = Release|Any CPU
		{37A01779-7A43-4584-8BE0-A19D8E33302F}.Release|Any CPU.Build.0 = Release|Any CPU
		{4298B4D1-5A3F-40B8-BA05-9995E587C90D}.Debug|Any CPU.ActiveCfg = Debug|Any CPU
		{4298B4D1-5A3F-40B8-BA05-9995E587C90D}.Debug|Any CPU.Build.0 = Debug|Any CPU
		{4298B4D1-5A3F-40B8-BA05-9995E587C90D}.Release|Any CPU.ActiveCfg = Release|Any CPU
		{4298B4D1-5A3F-40B8-BA05-9995E587C90D}.Release|Any CPU.Build.0 = Release|Any CPU
	EndGlobalSection
	GlobalSection(SolutionProperties) = preSolution
		HideSolutionNode = FALSE
	EndGlobalSection
EndGlobal
